// !$*UTF8*$!
{
	archiveVersion = 1;
	classes = {
	};
	objectVersion = 50;
	objects = {

/* Begin PBXBuildFile section */
		1824C2AA20CA1FEE00059731 /* UIView+lrwView.m in Sources */ = {isa = PBXBuildFile; fileRef = 1824C2A020CA1FEE00059731 /* UIView+lrwView.m */; };
		1824C2AC20CA1FEE00059731 /* UIViewManager.m in Sources */ = {isa = PBXBuildFile; fileRef = 1824C2A220CA1FEE00059731 /* UIViewManager.m */; };
		1832D6C220B6AD56001FF15B /* AppDelegate.m in Sources */ = {isa = PBXBuildFile; fileRef = 1832D6C120B6AD56001FF15B /* AppDelegate.m */; };
		1832D6C520B6AD56001FF15B /* ViewController.m in Sources */ = {isa = PBXBuildFile; fileRef = 1832D6C420B6AD56001FF15B /* ViewController.m */; };
		1832D6C820B6AD56001FF15B /* Main.storyboard in Resources */ = {isa = PBXBuildFile; fileRef = 1832D6C620B6AD56001FF15B /* Main.storyboard */; };
		1832D6CA20B6AD59001FF15B /* Assets.xcassets in Resources */ = {isa = PBXBuildFile; fileRef = 1832D6C920B6AD59001FF15B /* Assets.xcassets */; };
		1832D6CD20B6AD59001FF15B /* LaunchScreen.storyboard in Resources */ = {isa = PBXBuildFile; fileRef = 1832D6CB20B6AD59001FF15B /* LaunchScreen.storyboard */; };
		1832D6D020B6AD59001FF15B /* main.m in Sources */ = {isa = PBXBuildFile; fileRef = 1832D6CF20B6AD59001FF15B /* main.m */; };
/* End PBXBuildFile section */

/* Begin PBXFileReference section */
		1824C29F20CA1FEE00059731 /* UIViewManager.h */ = {isa = PBXFileReference; fileEncoding = 4; lastKnownFileType = sourcecode.c.h; path = UIViewManager.h; sourceTree = "<group>"; };
		1824C2A020CA1FEE00059731 /* UIView+lrwView.m */ = {isa = PBXFileReference; fileEncoding = 4; lastKnownFileType = sourcecode.c.objc; path = "UIView+lrwView.m"; sourceTree = "<group>"; };
		1824C2A220CA1FEE00059731 /* UIViewManager.m */ = {isa = PBXFileReference; fileEncoding = 4; lastKnownFileType = sourcecode.c.objc; path = UIViewManager.m; sourceTree = "<group>"; };
		1824C2A720CA1FEE00059731 /* UIView+lrwView.h */ = {isa = PBXFileReference; fileEncoding = 4; lastKnownFileType = sourcecode.c.h; path = "UIView+lrwView.h"; sourceTree = "<group>"; };
		1832D6BD20B6AD56001FF15B /* UITools.app */ = {isa = PBXFileReference; explicitFileType = wrapper.application; includeInIndex = 0; path = UITools.app; sourceTree = BUILT_PRODUCTS_DIR; };
		1832D6C020B6AD56001FF15B /* AppDelegate.h */ = {isa = PBXFileReference; lastKnownFileType = sourcecode.c.h; path = AppDelegate.h; sourceTree = "<group>"; };
		1832D6C120B6AD56001FF15B /* AppDelegate.m */ = {isa = PBXFileReference; lastKnownFileType = sourcecode.c.objc; path = AppDelegate.m; sourceTree = "<group>"; };
		1832D6C320B6AD56001FF15B /* ViewController.h */ = {isa = PBXFileReference; lastKnownFileType = sourcecode.c.h; path = ViewController.h; sourceTree = "<group>"; };
		1832D6C420B6AD56001FF15B /* ViewController.m */ = {isa = PBXFileReference; lastKnownFileType = sourcecode.c.objc; path = ViewController.m; sourceTree = "<group>"; };
		1832D6C720B6AD56001FF15B /* Base */ = {isa = PBXFileReference; lastKnownFileType = file.storyboard; name = Base; path = Base.lproj/Main.storyboard; sourceTree = "<group>"; };
		1832D6C920B6AD59001FF15B /* Assets.xcassets */ = {isa = PBXFileReference; lastKnownFileType = folder.assetcatalog; path = Assets.xcassets; sourceTree = "<group>"; };
		1832D6CC20B6AD59001FF15B /* Base */ = {isa = PBXFileReference; lastKnownFileType = file.storyboard; name = Base; path = Base.lproj/LaunchScreen.storyboard; sourceTree = "<group>"; };
		1832D6CE20B6AD59001FF15B /* Info.plist */ = {isa = PBXFileReference; lastKnownFileType = text.plist.xml; path = Info.plist; sourceTree = "<group>"; };
		1832D6CF20B6AD59001FF15B /* main.m */ = {isa = PBXFileReference; lastKnownFileType = sourcecode.c.objc; path = main.m; sourceTree = "<group>"; };
/* End PBXFileReference section */

/* Begin PBXFrameworksBuildPhase section */
		1832D6BA20B6AD56001FF15B /* Frameworks */ = {
			isa = PBXFrameworksBuildPhase;
			buildActionMask = 2147483647;
			files = (
			);
			runOnlyForDeploymentPostprocessing = 0;
		};
/* End PBXFrameworksBuildPhase section */

/* Begin PBXGroup section */
		1824C29B20CA1FEE00059731 /* LRWViewManager */ = {
			isa = PBXGroup;
			children = (
				1824C2A720CA1FEE00059731 /* UIView+lrwView.h */,
				1824C2A020CA1FEE00059731 /* UIView+lrwView.m */,
				1824C29F20CA1FEE00059731 /* UIViewManager.h */,
				1824C2A220CA1FEE00059731 /* UIViewManager.m */,
			);
			path = LRWViewManager;
			sourceTree = "<group>";
		};
		1832D6B420B6AD56001FF15B = {
			isa = PBXGroup;
			children = (
				1832D6BF20B6AD56001FF15B /* UITools */,
				1832D6BE20B6AD56001FF15B /* Products */,
			);
			sourceTree = "<group>";
		};
		1832D6BE20B6AD56001FF15B /* Products */ = {
			isa = PBXGroup;
			children = (
				1832D6BD20B6AD56001FF15B /* UITools.app */,
			);
			name = Products;
			sourceTree = "<group>";
		};
		1832D6BF20B6AD56001FF15B /* UITools */ = {
			isa = PBXGroup;
			children = (
				1824C29B20CA1FEE00059731 /* LRWViewManager */,
				1832D6C020B6AD56001FF15B /* AppDelegate.h */,
				1832D6C120B6AD56001FF15B /* AppDelegate.m */,
				1832D6C320B6AD56001FF15B /* ViewController.h */,
				1832D6C420B6AD56001FF15B /* ViewController.m */,
				1832D6C620B6AD56001FF15B /* Main.storyboard */,
				1832D6C920B6AD59001FF15B /* Assets.xcassets */,
				1832D6CB20B6AD59001FF15B /* LaunchScreen.storyboard */,
				1832D6CE20B6AD59001FF15B /* Info.plist */,
				1832D6CF20B6AD59001FF15B /* main.m */,
			);
			path = UITools;
			sourceTree = "<group>";
		};
/* End PBXGroup section */

/* Begin PBXNativeTarget section */
		1832D6BC20B6AD56001FF15B /* UITools */ = {
			isa = PBXNativeTarget;
			buildConfigurationList = 1832D6D320B6AD59001FF15B /* Build configuration list for PBXNativeTarget "UITools" */;
			buildPhases = (
				1832D6B920B6AD56001FF15B /* Sources */,
				1832D6BA20B6AD56001FF15B /* Frameworks */,
				1832D6BB20B6AD56001FF15B /* Resources */,
			);
			buildRules = (
			);
			dependencies = (
			);
			name = UITools;
			productName = myTools;
			productReference = 1832D6BD20B6AD56001FF15B /* UITools.app */;
			productType = "com.apple.product-type.application";
		};
/* End PBXNativeTarget section */

/* Begin PBXProject section */
		1832D6B520B6AD56001FF15B /* Project object */ = {
			isa = PBXProject;
			attributes = {
				LastUpgradeCheck = 0930;
				ORGANIZATIONNAME = "apple  ";
				TargetAttributes = {
					1832D6BC20B6AD56001FF15B = {
						CreatedOnToolsVersion = 9.3.1;
					};
				};
			};
			buildConfigurationList = 1832D6B820B6AD56001FF15B /* Build configuration list for PBXProject "UITools" */;
			compatibilityVersion = "Xcode 9.3";
			developmentRegion = en;
			hasScannedForEncodings = 0;
			knownRegions = (
				en,
				Base,
			);
			mainGroup = 1832D6B420B6AD56001FF15B;
			productRefGroup = 1832D6BE20B6AD56001FF15B /* Products */;
			projectDirPath = "";
			projectRoot = "";
			targets = (
				1832D6BC20B6AD56001FF15B /* UITools */,
			);
		};
/* End PBXProject section */

/* Begin PBXResourcesBuildPhase section */
		1832D6BB20B6AD56001FF15B /* Resources */ = {
			isa = PBXResourcesBuildPhase;
			buildActionMask = 2147483647;
			files = (
				1832D6CD20B6AD59001FF15B /* LaunchScreen.storyboard in Resources */,
				1832D6CA20B6AD59001FF15B /* Assets.xcassets in Resources */,
				1832D6C820B6AD56001FF15B /* Main.storyboard in Resources */,
			);
			runOnlyForDeploymentPostprocessing = 0;
		};
/* End PBXResourcesBuildPhase section */

/* Begin PBXSourcesBuildPhase section */
		1832D6B920B6AD56001FF15B /* Sources */ = {
			isa = PBXSourcesBuildPhase;
			buildActionMask = 2147483647;
			files = (
				1824C2AA20CA1FEE00059731 /* UIView+lrwView.m in Sources */,
				1832D6C520B6AD56001FF15B /* ViewController.m in Sources */,
				1832D6D020B6AD59001FF15B /* main.m in Sources */,
				1824C2AC20CA1FEE00059731 /* UIViewManager.m in Sources */,
				1832D6C220B6AD56001FF15B /* AppDelegate.m in Sources */,
			);
			runOnlyForDeploymentPostprocessing = 0;
		};
/* End PBXSourcesBuildPhase section */

/* Begin PBXVariantGroup section */
		1832D6C620B6AD56001FF15B /* Main.storyboard */ = {
			isa = PBXVariantGroup;
			children = (
				1832D6C720B6AD56001FF15B /* Base */,
			);
			name = Main.storyboard;
			sourceTree = "<group>";
		};
		1832D6CB20B6AD59001FF15B /* LaunchScreen.storyboard */ = {
			isa = PBXVariantGroup;
			children = (
				1832D6CC20B6AD59001FF15B /* Base */,
			);
			name = LaunchScreen.storyboard;
			sourceTree = "<group>";
		};
/* End PBXVariantGroup section */

/* Begin XCBuildConfiguration section */
		1832D6D120B6AD59001FF15B /* Debug */ = {
			isa = XCBuildConfiguration;
			buildSettings = {
				ALWAYS_SEARCH_USER_PATHS = NO;
				CLANG_ANALYZER_NONNULL = YES;
				CLANG_ANALYZER_NUMBER_OBJECT_CONVERSION = YES_AGGRESSIVE;
				CLANG_CXX_LANGUAGE_STANDARD = "gnu++14";
				CLANG_CXX_LIBRARY = "libc++";
				CLANG_ENABLE_MODULES = YES;
				CLANG_ENABLE_OBJC_ARC = YES;
				CLANG_ENABLE_OBJC_WEAK = YES;
				CLANG_WARN_BLOCK_CAPTURE_AUTORELEASING = YES;
				CLANG_WARN_BOOL_CONVERSION = YES;
				CLANG_WARN_COMMA = YES;
				CLANG_WARN_CONSTANT_CONVERSION = YES;
				CLANG_WARN_DEPRECATED_OBJC_IMPLEMENTATIONS = YES;
				CLANG_WARN_DIRECT_OBJC_ISA_USAGE = YES_ERROR;
				CLANG_WARN_DOCUMENTATION_COMMENTS = YES;
				CLANG_WARN_EMPTY_BODY = YES;
				CLANG_WARN_ENUM_CONVERSION = YES;
				CLANG_WARN_INFINITE_RECURSION = YES;
				CLANG_WARN_INT_CONVERSION = YES;
				CLANG_WARN_NON_LITERAL_NULL_CONVERSION = YES;
				CLANG_WARN_OBJC_IMPLICIT_RETAIN_SELF = YES;
				CLANG_WARN_OBJC_LITERAL_CONVERSION = YES;
				CLANG_WARN_OBJC_ROOT_CLASS = YES_ERROR;
				CLANG_WARN_RANGE_LOOP_ANALYSIS = YES;
				CLANG_WARN_STRICT_PROTOTYPES = YES;
				CLANG_WARN_SUSPICIOUS_MOVE = YES;
				CLANG_WARN_UNGUARDED_AVAILABILITY = YES_AGGRESSIVE;
				CLANG_WARN_UNREACHABLE_CODE = YES;
				CLANG_WARN__DUPLICATE_METHOD_MATCH = YES;
				CODE_SIGN_IDENTITY = "iPhone Developer";
				COPY_PHASE_STRIP = NO;
				DEBUG_INFORMATION_FORMAT = dwarf;
				ENABLE_STRICT_OBJC_MSGSEND = YES;
				ENABLE_TESTABILITY = YES;
				GCC_C_LANGUAGE_STANDARD = gnu11;
				GCC_DYNAMIC_NO_PIC = NO;
				GCC_NO_COMMON_BLOCKS = YES;
				GCC_OPTIMIZATION_LEVEL = 0;
				GCC_PREPROCESSOR_DEFINITIONS = (
					"DEBUG=1",
					"$(inherited)",
				);
				GCC_WARN_64_TO_32_BIT_CONVERSION = YES;
				GCC_WARN_ABOUT_RETURN_TYPE = YES_ERROR;
				GCC_WARN_UNDECLARED_SELECTOR = YES;
				GCC_WARN_UNINITIALIZED_AUTOS = YES_AGGRESSIVE;
				GCC_WARN_UNUSED_FUNCTION = YES;
				GCC_WARN_UNUSED_VARIABLE = YES;
				IPHONEOS_DEPLOYMENT_TARGET = 11.3;
				MTL_ENABLE_DEBUG_INFO = YES;
				ONLY_ACTIVE_ARCH = YES;
				SDKROOT = iphoneos;
			};
			name = Debug;
		};
		1832D6D220B6AD59001FF15B /* Release */ = {
			isa = XCBuildConfiguration;
			buildSettings = {
				ALWAYS_SEARCH_USER_PATHS = NO;
				CLANG_ANALYZER_NONNULL = YES;
				CLANG_ANALYZER_NUMBER_OBJECT_CONVERSION = YES_AGGRESSIVE;
				CLANG_CXX_LANGUAGE_STANDARD = "gnu++14";
				CLANG_CXX_LIBRARY = "libc++";
				CLANG_ENABLE_MODULES = YES;
				CLANG_ENABLE_OBJC_ARC = YES;
				CLANG_ENABLE_OBJC_WEAK = YES;
				CLANG_WARN_BLOCK_CAPTURE_AUTORELEASING = YES;
				CLANG_WARN_BOOL_CONVERSION = YES;
				CLANG_WARN_COMMA = YES;
				CLANG_WARN_CONSTANT_CONVERSION = YES;
				CLANG_WARN_DEPRECATED_OBJC_IMPLEMENTATIONS = YES;
				CLANG_WARN_DIRECT_OBJC_ISA_USAGE = YES_ERROR;
				CLANG_WARN_DOCUMENTATION_COMMENTS = YES;
				CLANG_WARN_EMPTY_BODY = YES;
				CLANG_WARN_ENUM_CONVERSION = YES;
				CLANG_WARN_INFINITE_RECURSION = YES;
				CLANG_WARN_INT_CONVERSION = YES;
				CLANG_WARN_NON_LITERAL_NULL_CONVERSION = YES;
				CLANG_WARN_OBJC_IMPLICIT_RETAIN_SELF = YES;
				CLANG_WARN_OBJC_LITERAL_CONVERSION = YES;
				CLANG_WARN_OBJC_ROOT_CLASS = YES_ERROR;
				CLANG_WARN_RANGE_LOOP_ANALYSIS = YES;
				CLANG_WARN_STRICT_PROTOTYPES = YES;
				CLANG_WARN_SUSPICIOUS_MOVE = YES;
				CLANG_WARN_UNGUARDED_AVAILABILITY = YES_AGGRESSIVE;
				CLANG_WARN_UNREACHABLE_CODE = YES;
				CLANG_WARN__DUPLICATE_METHOD_MATCH = YES;
				CODE_SIGN_IDENTITY = "iPhone Developer";
				COPY_PHASE_STRIP = NO;
				DEBUG_INFORMATION_FORMAT = "dwarf-with-dsym";
				ENABLE_NS_ASSERTIONS = NO;
				ENABLE_STRICT_OBJC_MSGSEND = YES;
				GCC_C_LANGUAGE_STANDARD = gnu11;
				GCC_NO_COMMON_BLOCKS = YES;
				GCC_WARN_64_TO_32_BIT_CONVERSION = YES;
				GCC_WARN_ABOUT_RETURN_TYPE = YES_ERROR;
				GCC_WARN_UNDECLARED_SELECTOR = YES;
				GCC_WARN_UNINITIALIZED_AUTOS = YES_AGGRESSIVE;
				GCC_WARN_UNUSED_FUNCTION = YES;
				GCC_WARN_UNUSED_VARIABLE = YES;
				IPHONEOS_DEPLOYMENT_TARGET = 11.3;
				MTL_ENABLE_DEBUG_INFO = NO;
				SDKROOT = iphoneos;
				VALIDATE_PRODUCT = YES;
			};
			name = Release;
		};
		1832D6D420B6AD59001FF15B /* Debug */ = {
			isa = XCBuildConfiguration;
			buildSettings = {
				ASSETCATALOG_COMPILER_APPICON_NAME = AppIcon;
				CODE_SIGN_STYLE = Automatic;
				INFOPLIST_FILE = "$(SRCROOT)/UITools/Info.plist";
				LD_RUNPATH_SEARCH_PATHS = (
					"$(inherited)",
					"@executable_path/Frameworks",
				);
				PRODUCT_BUNDLE_IDENTIFIER = cdql.myTools;
				PRODUCT_NAME = "$(TARGET_NAME)";
				TARGETED_DEVICE_FAMILY = "1,2";
			};
			name = Debug;
		};
		1832D6D520B6AD59001FF15B /* Release */ = {
			isa = XCBuildConfiguration;
			buildSettings = {
				ASSETCATALOG_COMPILER_APPICON_NAME = AppIcon;
				CODE_SIGN_STYLE = Automatic;
				INFOPLIST_FILE = "$(SRCROOT)/UITools/Info.plist";
				LD_RUNPATH_SEARCH_PATHS = (
					"$(inherited)",
					"@executable_path/Frameworks",
				);
				PRODUCT_BUNDLE_IDENTIFIER = cdql.myTools;
				PRODUCT_NAME = "$(TARGET_NAME)";
				TARGETED_DEVICE_FAMILY = "1,2";
			};
			name = Release;
		};
/* End XCBuildConfiguration section */

/* Begin XCConfigurationList section */
		1832D6B820B6AD56001FF15B /* Build configuration list for PBXProject "UITools" */ = {
			isa = XCConfigurationList;
			buildConfigurations = (
				1832D6D120B6AD59001FF15B /* Debug */,
				1832D6D220B6AD59001FF15B /* Release */,
			);
			defaultConfigurationIsVisible = 0;
			defaultConfigurationName = Release;
		};
		1832D6D320B6AD59001FF15B /* Build configuration list for PBXNativeTarget "UITools" */ = {
			isa = XCConfigurationList;
			buildConfigurations = (
				1832D6D420B6AD59001FF15B /* Debug */,
				1832D6D520B6AD59001FF15B /* Release */,
			);
			defaultConfigurationIsVisible = 0;
			defaultConfigurationName = Release;
		};
/* End XCConfigurationList section */
	};
	rootObject = 1832D6B520B6AD56001FF15B /* Project object */;
}
